
Microsoft Visual Studio Solution File, Format Version 12.00
# Visual Studio Version 16
VisualStudioVersion = 16.0.30907.101
MinimumVisualStudioVersion = 10.0.40219.1
Project("{FAE04EC0-301F-11D3-BF4B-00C04F79EFBC}") = "Shop.UI", "Shop.UI\Shop.UI.csproj", "{B69285F4-75D7-460B-9B45-741FE57016CE}"
EndProject
Global
	GlobalSection(SolutionConfigurationPlatforms) = preSolution
		Debug|Any CPU = Debug|Any CPU
		Release|Any CPU = Release|Any CPU
	EndGlobalSection
	GlobalSection(ProjectConfigurationPlatforms) = postSolution
		{B69285F4-75D7-460B-9B45-741FE57016CE}.Debug|Any CPU.ActiveCfg = Debug|Any CPU
		{B69285F4-75D7-460B-9B45-741FE57016CE}.Debug|Any CPU.Build.0 = Debug|Any CPU
		{B69285F4-75D7-460B-9B45-741FE57016CE}.Release|Any CPU.ActiveCfg = Release|Any CPU
		{B69285F4-75D7-460B-9B45-741FE57016CE}.Release|Any CPU.Build.0 = Release|Any CPU
	EndGlobalSection
	GlobalSection(SolutionProperties) = preSolution
		HideSolutionNode = FALSE
	EndGlobalSection
	GlobalSection(ExtensibilityGlobals) = postSolution
		SolutionGuid = {E3806A26-9AC1-4003-9EA7-8E06E56A3813}
	EndGlobalSection
EndGlobal
